
Microsoft Visual Studio Solution File, Format Version 12.00
# Visual Studio Version 16
VisualStudioVersion = 16.0.28803.202
MinimumVisualStudioVersion = 10.0.40219.1
Project("{FAE04EC0-301F-11D3-BF4B-00C04F79EFBC}") = "DataAccessLayer", "DataAccessLayer\DataAccessLayer.csproj", "{01DC5F08-B764-4636-BE66-12EB73E099F1}"
EndProject
Project("{FAE04EC0-301F-11D3-BF4B-00C04F79EFBC}") = "PresentationGUILayer", "PresentationGUILayer\PresentationGUILayer.csproj", "{A36ABDD2-E81C-4AF6-9188-75CEB9FD64F1}"
EndProject
Project("{FAE04EC0-301F-11D3-BF4B-00C04F79EFBC}") = "BuisinessLogicLayer", "BuisinessLogicLayer\BuisinessLogicLayer.csproj", "{C0A018CB-CBE3-44DE-840F-28EF40D24BA0}"
EndProject
Global
	GlobalSection(SolutionConfigurationPlatforms) = preSolution
		Debug|Any CPU = Debug|Any CPU
		Release|Any CPU = Release|Any CPU
	EndGlobalSection
	GlobalSection(ProjectConfigurationPlatforms) = postSolution
		{01DC5F08-B764-4636-BE66-12EB73E099F1}.Debug|Any CPU.ActiveCfg = Debug|Any CPU
		{01DC5F08-B764-4636-BE66-12EB73E099F1}.Debug|Any CPU.Build.0 = Debug|Any CPU
		{01DC5F08-B764-4636-BE66-12EB73E099F1}.Release|Any CPU.ActiveCfg = Release|Any CPU
		{01DC5F08-B764-4636-BE66-12EB73E099F1}.Release|Any CPU.Build.0 = Release|Any CPU
		{A36ABDD2-E81C-4AF6-9188-75CEB9FD64F1}.Debug|Any CPU.ActiveCfg = Debug|Any CPU
		{A36ABDD2-E81C-4AF6-9188-75CEB9FD64F1}.Debug|Any CPU.Build.0 = Debug|Any CPU
		{A36ABDD2-E81C-4AF6-9188-75CEB9FD64F1}.Release|Any CPU.ActiveCfg = Release|Any CPU
		{A36ABDD2-E81C-4AF6-9188-75CEB9FD64F1}.Release|Any CPU.Build.0 = Release|Any CPU
		{C0A018CB-CBE3-44DE-840F-28EF40D24BA0}.Debug|Any CPU.ActiveCfg = Debug|Any CPU
		{C0A018CB-CBE3-44DE-840F-28EF40D24BA0}.Debug|Any CPU.Build.0 = Debug|Any CPU
		{C0A018CB-CBE3-44DE-840F-28EF40D24BA0}.Release|Any CPU.ActiveCfg = Release|Any CPU
		{C0A018CB-CBE3-44DE-840F-28EF40D24BA0}.Release|Any CPU.Build.0 = Release|Any CPU
	EndGlobalSection
	GlobalSection(SolutionProperties) = preSolution
		HideSolutionNode = FALSE
	EndGlobalSection
	GlobalSection(ExtensibilityGlobals) = postSolution
		SolutionGuid = {46D35DDB-42FE-476D-B4CA-32792B63EE9D}
	EndGlobalSection
EndGlobal
